# This file is automatically @generated by Cargo.
# It is not intended for manual editing.
version = 3

[[package]]
name = "brew"
version = "0.1.0"
dependencies = [
 "compiler",
]

[[package]]
name = "compiler"
version = "0.1.0"
source = "git+https://github.com/shipsimfan/lib-compiler.git?branch=main#79968c6044869d3c238967ce92ab82d758e3f22a"
